// !$*UTF8*$!
{
	archiveVersion = 1;
	classes = {
	};
	objectVersion = 56;
	objects = {

/* Begin PBXBuildFile section */
		3ED15DF32C49CE2E008518F8 /* Assets.xcassets in Resources */ = {isa = PBXBuildFile; fileRef = 3ED15DED2C49CE2E008518F8 /* Assets.xcassets */; };
		3ED15DF42C49CE2E008518F8 /* AugmentedFacesExampleApp.swift in Sources */ = {isa = PBXBuildFile; fileRef = 3ED15DEE2C49CE2E008518F8 /* AugmentedFacesExampleApp.swift */; };
		3ED15DF52C49CE2E008518F8 /* ContentView.swift in Sources */ = {isa = PBXBuildFile; fileRef = 3ED15DEF2C49CE2E008518F8 /* ContentView.swift */; };
		3ED15DF62C49CE2E008518F8 /* Face.scnassets in Resources */ = {isa = PBXBuildFile; fileRef = 3ED15DF02C49CE2E008518F8 /* Face.scnassets */; };
		3ED15DF92C4AD88B008518F8 /* AugmentedFacesViewModel.swift in Sources */ = {isa = PBXBuildFile; fileRef = 3ED15DF82C4AD88B008518F8 /* AugmentedFacesViewModel.swift */; };
		3ED15DFB2C4AD8C0008518F8 /* FaceMeshGeometryConverter.swift in Sources */ = {isa = PBXBuildFile; fileRef = 3ED15DFA2C4AD8C0008518F8 /* FaceMeshGeometryConverter.swift */; };
/* End PBXBuildFile section */

/* Begin PBXFileReference section */
		3ED15DCE2C49C6C8008518F8 /* AugmentedFacesExample.app */ = {isa = PBXFileReference; explicitFileType = wrapper.application; includeInIndex = 0; path = AugmentedFacesExample.app; sourceTree = BUILT_PRODUCTS_DIR; };
		3ED15DED2C49CE2E008518F8 /* Assets.xcassets */ = {isa = PBXFileReference; lastKnownFileType = folder.assetcatalog; path = Assets.xcassets; sourceTree = "<group>"; };
		3ED15DEE2C49CE2E008518F8 /* AugmentedFacesExampleApp.swift */ = {isa = PBXFileReference; fileEncoding = 4; lastKnownFileType = sourcecode.swift; path = AugmentedFacesExampleApp.swift; sourceTree = "<group>"; };
		3ED15DEF2C49CE2E008518F8 /* ContentView.swift */ = {isa = PBXFileReference; fileEncoding = 4; lastKnownFileType = sourcecode.swift; path = ContentView.swift; sourceTree = "<group>"; };
		3ED15DF02C49CE2E008518F8 /* Face.scnassets */ = {isa = PBXFileReference; lastKnownFileType = wrapper.scnassets; path = Face.scnassets; sourceTree = "<group>"; };
		3ED15DF12C49CE2E008518F8 /* Info.plist */ = {isa = PBXFileReference; fileEncoding = 4; lastKnownFileType = text.plist.xml; path = Info.plist; sourceTree = "<group>"; };
		3ED15DF82C4AD88B008518F8 /* AugmentedFacesViewModel.swift */ = {isa = PBXFileReference; lastKnownFileType = sourcecode.swift; path = AugmentedFacesViewModel.swift; sourceTree = "<group>"; };
		3ED15DFA2C4AD8C0008518F8 /* FaceMeshGeometryConverter.swift */ = {isa = PBXFileReference; lastKnownFileType = sourcecode.swift; path = FaceMeshGeometryConverter.swift; sourceTree = "<group>"; };
/* End PBXFileReference section */

/* Begin PBXFrameworksBuildPhase section */
		3ED15DCB2C49C6C8008518F8 /* Frameworks */ = {
			isa = PBXFrameworksBuildPhase;
			buildActionMask = 2147483647;
			files = (
			);
			runOnlyForDeploymentPostprocessing = 0;
		};
/* End PBXFrameworksBuildPhase section */

/* Begin PBXGroup section */
		3ED15DC52C49C6C8008518F8 = {
			isa = PBXGroup;
			children = (
				3ED15DF22C49CE2E008518F8 /* AugmentedFacesExample */,
				3ED15DCF2C49C6C8008518F8 /* Products */,
			);
			sourceTree = "<group>";
		};
		3ED15DCF2C49C6C8008518F8 /* Products */ = {
			isa = PBXGroup;
			children = (
				3ED15DCE2C49C6C8008518F8 /* AugmentedFacesExample.app */,
			);
			name = Products;
			sourceTree = "<group>";
		};
		3ED15DF22C49CE2E008518F8 /* AugmentedFacesExample */ = {
			isa = PBXGroup;
			children = (
				3ED15DF12C49CE2E008518F8 /* Info.plist */,
				3ED15DED2C49CE2E008518F8 /* Assets.xcassets */,
				3ED15DF02C49CE2E008518F8 /* Face.scnassets */,
				3ED15DEE2C49CE2E008518F8 /* AugmentedFacesExampleApp.swift */,
				3ED15DF82C4AD88B008518F8 /* AugmentedFacesViewModel.swift */,
				3ED15DEF2C49CE2E008518F8 /* ContentView.swift */,
				3ED15DFA2C4AD8C0008518F8 /* FaceMeshGeometryConverter.swift */,
			);
			path = AugmentedFacesExample;
			sourceTree = "<group>";
		};
/* End PBXGroup section */

/* Begin PBXNativeTarget section */
		3ED15DCD2C49C6C8008518F8 /* AugmentedFacesExample */ = {
			isa = PBXNativeTarget;
			buildConfigurationList = 3ED15DDC2C49C6C9008518F8 /* Build configuration list for PBXNativeTarget "AugmentedFacesExample" */;
			buildPhases = (
				3ED15DCA2C49C6C8008518F8 /* Sources */,
				3ED15DCB2C49C6C8008518F8 /* Frameworks */,
				3ED15DCC2C49C6C8008518F8 /* Resources */,
			);
			buildRules = (
			);
			dependencies = (
			);
			name = AugmentedFacesExample;
			packageProductDependencies = (
			);
			productName = AugmentedFacesExample;
			productReference = 3ED15DCE2C49C6C8008518F8 /* AugmentedFacesExample.app */;
			productType = "com.apple.product-type.application";
		};
/* End PBXNativeTarget section */

/* Begin PBXProject section */
		3ED15DC62C49C6C8008518F8 /* Project object */ = {
			isa = PBXProject;
			attributes = {
				BuildIndependentTargetsInParallel = 1;
				LastSwiftUpdateCheck = 1540;
				LastUpgradeCheck = 1540;
				TargetAttributes = {
					3ED15DCD2C49C6C8008518F8 = {
						CreatedOnToolsVersion = 15.4;
					};
				};
			};
			buildConfigurationList = 3ED15DC92C49C6C8008518F8 /* Build configuration list for PBXProject "AugmentedFacesExample" */;
			compatibilityVersion = "Xcode 14.0";
			developmentRegion = en;
			hasScannedForEncodings = 0;
			knownRegions = (
				en,
				Base,
			);
			mainGroup = 3ED15DC52C49C6C8008518F8;
			packageReferences = (
			);
			productRefGroup = 3ED15DCF2C49C6C8008518F8 /* Products */;
			projectDirPath = "";
			projectRoot = "";
			targets = (
				3ED15DCD2C49C6C8008518F8 /* AugmentedFacesExample */,
			);
		};
/* End PBXProject section */

/* Begin PBXResourcesBuildPhase section */
		3ED15DCC2C49C6C8008518F8 /* Resources */ = {
			isa = PBXResourcesBuildPhase;
			buildActionMask = 2147483647;
			files = (
				3ED15DF62C49CE2E008518F8 /* Face.scnassets in Resources */,
				3ED15DF32C49CE2E008518F8 /* Assets.xcassets in Resources */,
			);
			runOnlyForDeploymentPostprocessing = 0;
		};
/* End PBXResourcesBuildPhase section */

/* Begin PBXSourcesBuildPhase section */
		3ED15DCA2C49C6C8008518F8 /* Sources */ = {
			isa = PBXSourcesBuildPhase;
			buildActionMask = 2147483647;
			files = (
				3ED15DF52C49CE2E008518F8 /* ContentView.swift in Sources */,
				3ED15DF42C49CE2E008518F8 /* AugmentedFacesExampleApp.swift in Sources */,
				3ED15DFB2C4AD8C0008518F8 /* FaceMeshGeometryConverter.swift in Sources */,
				3ED15DF92C4AD88B008518F8 /* AugmentedFacesViewModel.swift in Sources */,
			);
			runOnlyForDeploymentPostprocessing = 0;
		};
/* End PBXSourcesBuildPhase section */

/* Begin XCBuildConfiguration section */
		3ED15DDA2C49C6C9008518F8 /* Debug */ = {
			isa = XCBuildConfiguration;
			buildSettings = {
				ALWAYS_SEARCH_USER_PATHS = NO;
				ASSETCATALOG_COMPILER_GENERATE_SWIFT_ASSET_SYMBOL_EXTENSIONS = YES;
				CLANG_ANALYZER_NONNULL = YES;
				CLANG_ANALYZER_NUMBER_OBJECT_CONVERSION = YES_AGGRESSIVE;
				CLANG_CXX_LANGUAGE_STANDARD = "gnu++20";
				CLANG_ENABLE_MODULES = YES;
				CLANG_ENABLE_OBJC_ARC = YES;
				CLANG_ENABLE_OBJC_WEAK = YES;
				CLANG_WARN_BLOCK_CAPTURE_AUTORELEASING = YES;
				CLANG_WARN_BOOL_CONVERSION = YES;
				CLANG_WARN_COMMA = YES;
				CLANG_WARN_CONSTANT_CONVERSION = YES;
				CLANG_WARN_DEPRECATED_OBJC_IMPLEMENTATIONS = YES;
				CLANG_WARN_DIRECT_OBJC_ISA_USAGE = YES_ERROR;
				CLANG_WARN_DOCUMENTATION_COMMENTS = YES;
				CLANG_WARN_EMPTY_BODY = YES;
				CLANG_WARN_ENUM_CONVERSION = YES;
				CLANG_WARN_INFINITE_RECURSION = YES;
				CLANG_WARN_INT_CONVERSION = YES;
				CLANG_WARN_NON_LITERAL_NULL_CONVERSION = YES;
				CLANG_WARN_OBJC_IMPLICIT_RETAIN_SELF = YES;
				CLANG_WARN_OBJC_LITERAL_CONVERSION = YES;
				CLANG_WARN_OBJC_ROOT_CLASS = YES_ERROR;
				CLANG_WARN_QUOTED_INCLUDE_IN_FRAMEWORK_HEADER = YES;
				CLANG_WARN_RANGE_LOOP_ANALYSIS = YES;
				CLANG_WARN_STRICT_PROTOTYPES = YES;
				CLANG_WARN_SUSPICIOUS_MOVE = YES;
				CLANG_WARN_UNGUARDED_AVAILABILITY = YES_AGGRESSIVE;
				CLANG_WARN_UNREACHABLE_CODE = YES;
				CLANG_WARN__DUPLICATE_METHOD_MATCH = YES;
				COPY_PHASE_STRIP = NO;
				DEBUG_INFORMATION_FORMAT = dwarf;
				ENABLE_STRICT_OBJC_MSGSEND = YES;
				ENABLE_TESTABILITY = YES;
				ENABLE_USER_SCRIPT_SANDBOXING = NO;
				GCC_C_LANGUAGE_STANDARD = gnu17;
				GCC_DYNAMIC_NO_PIC = NO;
				GCC_NO_COMMON_BLOCKS = YES;
				GCC_OPTIMIZATION_LEVEL = 0;
				GCC_PREPROCESSOR_DEFINITIONS = (
					"DEBUG=1",
					"$(inherited)",
				);
				GCC_WARN_64_TO_32_BIT_CONVERSION = YES;
				GCC_WARN_ABOUT_RETURN_TYPE = YES_ERROR;
				GCC_WARN_UNDECLARED_SELECTOR = YES;
				GCC_WARN_UNINITIALIZED_AUTOS = YES_AGGRESSIVE;
				GCC_WARN_UNUSED_FUNCTION = YES;
				GCC_WARN_UNUSED_VARIABLE = YES;
				IPHONEOS_DEPLOYMENT_TARGET = 15.0;
				LOCALIZATION_PREFERS_STRING_CATALOGS = YES;
				MTL_ENABLE_DEBUG_INFO = INCLUDE_SOURCE;
				MTL_FAST_MATH = YES;
				ONLY_ACTIVE_ARCH = YES;
				SDKROOT = iphoneos;
				SWIFT_ACTIVE_COMPILATION_CONDITIONS = "DEBUG $(inherited)";
				SWIFT_OPTIMIZATION_LEVEL = "-Onone";
			};
			name = Debug;
		};
		3ED15DDB2C49C6C9008518F8 /* Release */ = {
			isa = XCBuildConfiguration;
			buildSettings = {
				ALWAYS_SEARCH_USER_PATHS = NO;
				ASSETCATALOG_COMPILER_GENERATE_SWIFT_ASSET_SYMBOL_EXTENSIONS = YES;
				CLANG_ANALYZER_NONNULL = YES;
				CLANG_ANALYZER_NUMBER_OBJECT_CONVERSION = YES_AGGRESSIVE;
				CLANG_CXX_LANGUAGE_STANDARD = "gnu++20";
				CLANG_ENABLE_MODULES = YES;
				CLANG_ENABLE_OBJC_ARC = YES;
				CLANG_ENABLE_OBJC_WEAK = YES;
				CLANG_WARN_BLOCK_CAPTURE_AUTORELEASING = YES;
				CLANG_WARN_BOOL_CONVERSION = YES;
				CLANG_WARN_COMMA = YES;
				CLANG_WARN_CONSTANT_CONVERSION = YES;
				CLANG_WARN_DEPRECATED_OBJC_IMPLEMENTATIONS = YES;
				CLANG_WARN_DIRECT_OBJC_ISA_USAGE = YES_ERROR;
				CLANG_WARN_DOCUMENTATION_COMMENTS = YES;
				CLANG_WARN_EMPTY_BODY = YES;
				CLANG_WARN_ENUM_CONVERSION = YES;
				CLANG_WARN_INFINITE_RECURSION = YES;
				CLANG_WARN_INT_CONVERSION = YES;
				CLANG_WARN_NON_LITERAL_NULL_CONVERSION = YES;
				CLANG_WARN_OBJC_IMPLICIT_RETAIN_SELF = YES;
				CLANG_WARN_OBJC_LITERAL_CONVERSION = YES;
				CLANG_WARN_OBJC_ROOT_CLASS = YES_ERROR;
				CLANG_WARN_QUOTED_INCLUDE_IN_FRAMEWORK_HEADER = YES;
				CLANG_WARN_RANGE_LOOP_ANALYSIS = YES;
				CLANG_WARN_STRICT_PROTOTYPES = YES;
				CLANG_WARN_SUSPICIOUS_MOVE = YES;
				CLANG_WARN_UNGUARDED_AVAILABILITY = YES_AGGRESSIVE;
				CLANG_WARN_UNREACHABLE_CODE = YES;
				CLANG_WARN__DUPLICATE_METHOD_MATCH = YES;
				COPY_PHASE_STRIP = NO;
				DEBUG_INFORMATION_FORMAT = "dwarf-with-dsym";
				ENABLE_NS_ASSERTIONS = NO;
				ENABLE_STRICT_OBJC_MSGSEND = YES;
				ENABLE_USER_SCRIPT_SANDBOXING = NO;
				GCC_C_LANGUAGE_STANDARD = gnu17;
				GCC_NO_COMMON_BLOCKS = YES;
				GCC_WARN_64_TO_32_BIT_CONVERSION = YES;
				GCC_WARN_ABOUT_RETURN_TYPE = YES_ERROR;
				GCC_WARN_UNDECLARED_SELECTOR = YES;
				GCC_WARN_UNINITIALIZED_AUTOS = YES_AGGRESSIVE;
				GCC_WARN_UNUSED_FUNCTION = YES;
				GCC_WARN_UNUSED_VARIABLE = YES;
				IPHONEOS_DEPLOYMENT_TARGET = 15.0;
				LOCALIZATION_PREFERS_STRING_CATALOGS = YES;
				MTL_ENABLE_DEBUG_INFO = NO;
				MTL_FAST_MATH = YES;
				SDKROOT = iphoneos;
				SWIFT_COMPILATION_MODE = wholemodule;
				VALIDATE_PRODUCT = YES;
			};
			name = Release;
		};
		3ED15DDD2C49C6C9008518F8 /* Debug */ = {
			isa = XCBuildConfiguration;
			buildSettings = {
				ASSETCATALOG_COMPILER_APPICON_NAME = AppIcon;
				ASSETCATALOG_COMPILER_GLOBAL_ACCENT_COLOR_NAME = "";
				CODE_SIGN_STYLE = Manual;
				CURRENT_PROJECT_VERSION = 1;
				DEVELOPMENT_ASSET_PATHS = "";
				DEVELOPMENT_TEAM = "";
				ENABLE_PREVIEWS = YES;
				GENERATE_INFOPLIST_FILE = NO;
				INFOPLIST_FILE = AugmentedFacesExample/Info.plist;
				INFOPLIST_KEY_CFBundleDisplayName = AugmentedFaces;
				INFOPLIST_KEY_NSCameraUsageDescription = "This application will use the camera for Augmented Reality.";
				INFOPLIST_KEY_UIApplicationSupportsIndirectInputEvents = YES;
				INFOPLIST_KEY_UILaunchScreen_Generation = YES;
				INFOPLIST_KEY_UIRequiresFullScreen = YES;
				INFOPLIST_KEY_UIStatusBarHidden = NO;
				INFOPLIST_KEY_UISupportedInterfaceOrientations_iPad = UIInterfaceOrientationPortrait;
				INFOPLIST_KEY_UISupportedInterfaceOrientations_iPhone = UIInterfaceOrientationPortrait;
				LD_RUNPATH_SEARCH_PATHS = (
					"$(inherited)",
					"@executable_path/Frameworks",
				);
				MARKETING_VERSION = 1.0;
				OTHER_LDFLAGS = (
					"$(inherited)",
					"-ObjC",
				);
				PRODUCT_BUNDLE_IDENTIFIER = com.google.ARAugmentedFaces;
				PRODUCT_NAME = "$(TARGET_NAME)";
				PROVISIONING_PROFILE_SPECIFIER = "";
				SWIFT_EMIT_LOC_STRINGS = YES;
				SWIFT_VERSION = 5.0;
				TARGETED_DEVICE_FAMILY = "1,2";
			};
			name = Debug;
		};
		3ED15DDE2C49C6C9008518F8 /* Release */ = {
			isa = XCBuildConfiguration;
			buildSettings = {
				ASSETCATALOG_COMPILER_APPICON_NAME = AppIcon;
				ASSETCATALOG_COMPILER_GLOBAL_ACCENT_COLOR_NAME = "";
				CODE_SIGN_STYLE = Manual;
				CURRENT_PROJECT_VERSION = 1;
				DEVELOPMENT_ASSET_PATHS = "";
				DEVELOPMENT_TEAM = "";
				ENABLE_PREVIEWS = YES;
				GENERATE_INFOPLIST_FILE = NO;
				INFOPLIST_FILE = AugmentedFacesExample/Info.plist;
				INFOPLIST_KEY_CFBundleDisplayName = AugmentedFaces;
				INFOPLIST_KEY_NSCameraUsageDescription = "This application will use the camera for Augmented Reality.";
				INFOPLIST_KEY_UIApplicationSupportsIndirectInputEvents = YES;
				INFOPLIST_KEY_UILaunchScreen_Generation = YES;
				INFOPLIST_KEY_UIRequiresFullScreen = YES;
				INFOPLIST_KEY_UIStatusBarHidden = NO;
				INFOPLIST_KEY_UISupportedInterfaceOrientations_iPad = UIInterfaceOrientationPortrait;
				INFOPLIST_KEY_UISupportedInterfaceOrientations_iPhone = UIInterfaceOrientationPortrait;
				LD_RUNPATH_SEARCH_PATHS = (
					"$(inherited)",
					"@executable_path/Frameworks",
				);
				MARKETING_VERSION = 1.0;
				OTHER_LDFLAGS = (
					"$(inherited)",
					"-ObjC",
				);
				PRODUCT_BUNDLE_IDENTIFIER = com.google.ARAugmentedFaces;
				PRODUCT_NAME = "$(TARGET_NAME)";
				PROVISIONING_PROFILE_SPECIFIER = "";
				SWIFT_EMIT_LOC_STRINGS = YES;
				SWIFT_VERSION = 5.0;
				TARGETED_DEVICE_FAMILY = "1,2";
			};
			name = Release;
		};
/* End XCBuildConfiguration section */

/* Begin XCConfigurationList section */
		3ED15DC92C49C6C8008518F8 /* Build configuration list for PBXProject "AugmentedFacesExample" */ = {
			isa = XCConfigurationList;
			buildConfigurations = (
				3ED15DDA2C49C6C9008518F8 /* Debug */,
				3ED15DDB2C49C6C9008518F8 /* Release */,
			);
			defaultConfigurationIsVisible = 0;
			defaultConfigurationName = Release;
		};
		3ED15DDC2C49C6C9008518F8 /* Build configuration list for PBXNativeTarget "AugmentedFacesExample" */ = {
			isa = XCConfigurationList;
			buildConfigurations = (
				3ED15DDD2C49C6C9008518F8 /* Debug */,
				3ED15DDE2C49C6C9008518F8 /* Release */,
			);
			defaultConfigurationIsVisible = 0;
			defaultConfigurationName = Release;
		};
/* End XCConfigurationList section */
	};
	rootObject = 3ED15DC62C49C6C8008518F8 /* Project object */;
}
