// !$*UTF8*$!
{
	archiveVersion = 1;
	classes = {
	};
	objectVersion = 50;
	objects = {

/* Begin PBXBuildFile section */
		913FAA6FED74C591ED53CDF8 /* Pods_CloudAnchorExampleSwift.framework in Frameworks */ = {isa = PBXBuildFile; fileRef = EF75D149EAB35407BAE54E4D /* Pods_CloudAnchorExampleSwift.framework */; };
		D5CDA76020A3AFC700661459 /* AppDelegate.swift in Sources */ = {isa = PBXBuildFile; fileRef = D5CDA75F20A3AFC700661459 /* AppDelegate.swift */; };
		D5CDA76420A3AFC700661459 /* ExampleViewController.swift in Sources */ = {isa = PBXBuildFile; fileRef = D5CDA76320A3AFC700661459 /* ExampleViewController.swift */; };
		D5CDA76720A3AFC700661459 /* Main.storyboard in Resources */ = {isa = PBXBuildFile; fileRef = D5CDA76520A3AFC700661459 /* Main.storyboard */; };
		D5CDA76920A3AFC800661459 /* Assets.xcassets in Resources */ = {isa = PBXBuildFile; fileRef = D5CDA76820A3AFC800661459 /* Assets.xcassets */; };
		D5CDA76C20A3AFC800661459 /* LaunchScreen.storyboard in Resources */ = {isa = PBXBuildFile; fileRef = D5CDA76A20A3AFC800661459 /* LaunchScreen.storyboard */; };
		D5CDA77420A3CF7000661459 /* example.scnassets in Resources */ = {isa = PBXBuildFile; fileRef = D5CDA77320A3CF7000661459 /* example.scnassets */; };
/* End PBXBuildFile section */

/* Begin PBXFileReference section */
		74AC9DF59B1608620C3248C0 /* Pods-CloudAnchorExampleSwift.release.xcconfig */ = {isa = PBXFileReference; includeInIndex = 1; lastKnownFileType = text.xcconfig; name = "Pods-CloudAnchorExampleSwift.release.xcconfig"; path = "Pods/Target Support Files/Pods-CloudAnchorExampleSwift/Pods-CloudAnchorExampleSwift.release.xcconfig"; sourceTree = "<group>"; };
		D5CDA75C20A3AFC700661459 /* CloudAnchorExampleSwift.app */ = {isa = PBXFileReference; explicitFileType = wrapper.application; includeInIndex = 0; path = CloudAnchorExampleSwift.app; sourceTree = BUILT_PRODUCTS_DIR; };
		D5CDA75F20A3AFC700661459 /* AppDelegate.swift */ = {isa = PBXFileReference; lastKnownFileType = sourcecode.swift; path = AppDelegate.swift; sourceTree = "<group>"; };
		D5CDA76320A3AFC700661459 /* ExampleViewController.swift */ = {isa = PBXFileReference; lastKnownFileType = sourcecode.swift; path = ExampleViewController.swift; sourceTree = "<group>"; };
		D5CDA76620A3AFC700661459 /* Base */ = {isa = PBXFileReference; lastKnownFileType = file.storyboard; name = Base; path = Base.lproj/Main.storyboard; sourceTree = "<group>"; };
		D5CDA76820A3AFC800661459 /* Assets.xcassets */ = {isa = PBXFileReference; lastKnownFileType = folder.assetcatalog; path = Assets.xcassets; sourceTree = "<group>"; };
		D5CDA76B20A3AFC800661459 /* Base */ = {isa = PBXFileReference; lastKnownFileType = file.storyboard; name = Base; path = Base.lproj/LaunchScreen.storyboard; sourceTree = "<group>"; };
		D5CDA76D20A3AFC800661459 /* Info.plist */ = {isa = PBXFileReference; lastKnownFileType = text.plist.xml; path = Info.plist; sourceTree = "<group>"; };
		D5CDA77320A3CF7000661459 /* example.scnassets */ = {isa = PBXFileReference; lastKnownFileType = wrapper.scnassets; path = example.scnassets; sourceTree = "<group>"; };
		EF75D149EAB35407BAE54E4D /* Pods_CloudAnchorExampleSwift.framework */ = {isa = PBXFileReference; explicitFileType = wrapper.framework; includeInIndex = 0; path = Pods_CloudAnchorExampleSwift.framework; sourceTree = BUILT_PRODUCTS_DIR; };
		F70A7B8141B4AA207CBC97C2 /* Pods-CloudAnchorExampleSwift.debug.xcconfig */ = {isa = PBXFileReference; includeInIndex = 1; lastKnownFileType = text.xcconfig; name = "Pods-CloudAnchorExampleSwift.debug.xcconfig"; path = "Pods/Target Support Files/Pods-CloudAnchorExampleSwift/Pods-CloudAnchorExampleSwift.debug.xcconfig"; sourceTree = "<group>"; };
/* End PBXFileReference section */

/* Begin PBXFrameworksBuildPhase section */
		D5CDA75920A3AFC700661459 /* Frameworks */ = {
			isa = PBXFrameworksBuildPhase;
			buildActionMask = 2147483647;
			files = (
				913FAA6FED74C591ED53CDF8 /* Pods_CloudAnchorExampleSwift.framework in Frameworks */,
			);
			runOnlyForDeploymentPostprocessing = 0;
		};
/* End PBXFrameworksBuildPhase section */

/* Begin PBXGroup section */
		3C181F3F65DD71A1B197C245 /* Frameworks */ = {
			isa = PBXGroup;
			children = (
				EF75D149EAB35407BAE54E4D /* Pods_CloudAnchorExampleSwift.framework */,
			);
			name = Frameworks;
			sourceTree = "<group>";
		};
		B75ACC34FC9AA85C06DE06D8 /* Pods */ = {
			isa = PBXGroup;
			children = (
				F70A7B8141B4AA207CBC97C2 /* Pods-CloudAnchorExampleSwift.debug.xcconfig */,
				74AC9DF59B1608620C3248C0 /* Pods-CloudAnchorExampleSwift.release.xcconfig */,
			);
			name = Pods;
			sourceTree = "<group>";
		};
		D5CDA75320A3AFC700661459 = {
			isa = PBXGroup;
			children = (
				D5CDA75E20A3AFC700661459 /* CloudAnchorExampleSwift */,
				D5CDA75D20A3AFC700661459 /* Products */,
				B75ACC34FC9AA85C06DE06D8 /* Pods */,
				3C181F3F65DD71A1B197C245 /* Frameworks */,
			);
			sourceTree = "<group>";
		};
		D5CDA75D20A3AFC700661459 /* Products */ = {
			isa = PBXGroup;
			children = (
				D5CDA75C20A3AFC700661459 /* CloudAnchorExampleSwift.app */,
			);
			name = Products;
			sourceTree = "<group>";
		};
		D5CDA75E20A3AFC700661459 /* CloudAnchorExampleSwift */ = {
			isa = PBXGroup;
			children = (
				D5CDA75F20A3AFC700661459 /* AppDelegate.swift */,
				D5CDA77320A3CF7000661459 /* example.scnassets */,
				D5CDA76320A3AFC700661459 /* ExampleViewController.swift */,
				D5CDA76520A3AFC700661459 /* Main.storyboard */,
				D5CDA76820A3AFC800661459 /* Assets.xcassets */,
				D5CDA76A20A3AFC800661459 /* LaunchScreen.storyboard */,
				D5CDA76D20A3AFC800661459 /* Info.plist */,
			);
			path = CloudAnchorExampleSwift;
			sourceTree = "<group>";
		};
/* End PBXGroup section */

/* Begin PBXNativeTarget section */
		D5CDA75B20A3AFC700661459 /* CloudAnchorExampleSwift */ = {
			isa = PBXNativeTarget;
			buildConfigurationList = D5CDA77020A3AFC800661459 /* Build configuration list for PBXNativeTarget "CloudAnchorExampleSwift" */;
			buildPhases = (
				4345ADAE333B5B6937E09E81 /* [CP] Check Pods Manifest.lock */,
				D5CDA75820A3AFC700661459 /* Sources */,
				D5CDA75920A3AFC700661459 /* Frameworks */,
				D5CDA75A20A3AFC700661459 /* Resources */,
				ABC19EDB4109DE7E2287BD19 /* [CP] Embed Pods Frameworks */,
				9343956F7E572CC5F5524021 /* [CP] Copy Pods Resources */,
			);
			buildRules = (
			);
			dependencies = (
			);
			name = CloudAnchorExampleSwift;
			productName = CloudAnchorExampleSwift;
			productReference = D5CDA75C20A3AFC700661459 /* CloudAnchorExampleSwift.app */;
			productType = "com.apple.product-type.application";
		};
/* End PBXNativeTarget section */

/* Begin PBXProject section */
		D5CDA75420A3AFC700661459 /* Project object */ = {
			isa = PBXProject;
			attributes = {
				LastSwiftUpdateCheck = 0930;
				LastUpgradeCheck = 0930;
				TargetAttributes = {
					D5CDA75B20A3AFC700661459 = {
						CreatedOnToolsVersion = 9.3;
					};
				};
			};
			buildConfigurationList = D5CDA75720A3AFC700661459 /* Build configuration list for PBXProject "CloudAnchorExampleSwift" */;
			compatibilityVersion = "Xcode 9.3";
			developmentRegion = en;
			hasScannedForEncodings = 0;
			knownRegions = (
				en,
				Base,
			);
			mainGroup = D5CDA75320A3AFC700661459;
			productRefGroup = D5CDA75D20A3AFC700661459 /* Products */;
			projectDirPath = "";
			projectRoot = "";
			targets = (
				D5CDA75B20A3AFC700661459 /* CloudAnchorExampleSwift */,
			);
		};
/* End PBXProject section */

/* Begin PBXResourcesBuildPhase section */
		D5CDA75A20A3AFC700661459 /* Resources */ = {
			isa = PBXResourcesBuildPhase;
			buildActionMask = 2147483647;
			files = (
				D5CDA76C20A3AFC800661459 /* LaunchScreen.storyboard in Resources */,
				D5CDA77420A3CF7000661459 /* example.scnassets in Resources */,
				D5CDA76920A3AFC800661459 /* Assets.xcassets in Resources */,
				D5CDA76720A3AFC700661459 /* Main.storyboard in Resources */,
			);
			runOnlyForDeploymentPostprocessing = 0;
		};
/* End PBXResourcesBuildPhase section */

/* Begin PBXShellScriptBuildPhase section */
		4345ADAE333B5B6937E09E81 /* [CP] Check Pods Manifest.lock */ = {
			isa = PBXShellScriptBuildPhase;
			buildActionMask = 2147483647;
			files = (
			);
			inputPaths = (
				"${PODS_PODFILE_DIR_PATH}/Podfile.lock",
				"${PODS_ROOT}/Manifest.lock",
			);
			name = "[CP] Check Pods Manifest.lock";
			outputPaths = (
				"$(DERIVED_FILE_DIR)/Pods-CloudAnchorExampleSwift-checkManifestLockResult.txt",
			);
			runOnlyForDeploymentPostprocessing = 0;
			shellPath = /bin/sh;
			shellScript = "diff \"${PODS_PODFILE_DIR_PATH}/Podfile.lock\" \"${PODS_ROOT}/Manifest.lock\" > /dev/null\nif [ $? != 0 ] ; then\n    # print error to STDERR\n    echo \"error: The sandbox is not in sync with the Podfile.lock. Run 'pod install' or update your CocoaPods installation.\" >&2\n    exit 1\nfi\n# This output is used by Xcode 'outputs' to avoid re-running this script phase.\necho \"SUCCESS\" > \"${SCRIPT_OUTPUT_FILE_0}\"\n";
			showEnvVarsInLog = 0;
		};
		9343956F7E572CC5F5524021 /* [CP] Copy Pods Resources */ = {
			isa = PBXShellScriptBuildPhase;
			buildActionMask = 2147483647;
			files = (
			);
			inputPaths = (
				"${SRCROOT}/Pods/Target Support Files/Pods-CloudAnchorExampleSwift/Pods-CloudAnchorExampleSwift-resources.sh",
				"${PODS_CONFIGURATION_BUILD_DIR}/ARCore/ARCoreResources.bundle",
			);
			name = "[CP] Copy Pods Resources";
			outputPaths = (
				"${TARGET_BUILD_DIR}/${UNLOCALIZED_RESOURCES_FOLDER_PATH}/ARCoreResources.bundle",
			);
			runOnlyForDeploymentPostprocessing = 0;
			shellPath = /bin/sh;
			shellScript = "\"${SRCROOT}/Pods/Target Support Files/Pods-CloudAnchorExampleSwift/Pods-CloudAnchorExampleSwift-resources.sh\"\n";
			showEnvVarsInLog = 0;
		};
		ABC19EDB4109DE7E2287BD19 /* [CP] Embed Pods Frameworks */ = {
			isa = PBXShellScriptBuildPhase;
			buildActionMask = 2147483647;
			files = (
			);
			inputPaths = (
				"${SRCROOT}/Pods/Target Support Files/Pods-CloudAnchorExampleSwift/Pods-CloudAnchorExampleSwift-frameworks.sh",
				"${BUILT_PRODUCTS_DIR}/GTMSessionFetcher/GTMSessionFetcher.framework",
				"${BUILT_PRODUCTS_DIR}/GoogleToolboxForMac/GoogleToolboxForMac.framework",
				"${BUILT_PRODUCTS_DIR}/leveldb-library/leveldb.framework",
				"${BUILT_PRODUCTS_DIR}/nanopb/nanopb.framework",
			);
			name = "[CP] Embed Pods Frameworks";
			outputPaths = (
				"${TARGET_BUILD_DIR}/${FRAMEWORKS_FOLDER_PATH}/GTMSessionFetcher.framework",
				"${TARGET_BUILD_DIR}/${FRAMEWORKS_FOLDER_PATH}/GoogleToolboxForMac.framework",
				"${TARGET_BUILD_DIR}/${FRAMEWORKS_FOLDER_PATH}/leveldb.framework",
				"${TARGET_BUILD_DIR}/${FRAMEWORKS_FOLDER_PATH}/nanopb.framework",
			);
			runOnlyForDeploymentPostprocessing = 0;
			shellPath = /bin/sh;
			shellScript = "\"${SRCROOT}/Pods/Target Support Files/Pods-CloudAnchorExampleSwift/Pods-CloudAnchorExampleSwift-frameworks.sh\"\n";
			showEnvVarsInLog = 0;
		};
/* End PBXShellScriptBuildPhase section */

/* Begin PBXSourcesBuildPhase section */
		D5CDA75820A3AFC700661459 /* Sources */ = {
			isa = PBXSourcesBuildPhase;
			buildActionMask = 2147483647;
			files = (
				D5CDA76420A3AFC700661459 /* ExampleViewController.swift in Sources */,
				D5CDA76020A3AFC700661459 /* AppDelegate.swift in Sources */,
			);
			runOnlyForDeploymentPostprocessing = 0;
		};
/* End PBXSourcesBuildPhase section */

/* Begin PBXVariantGroup section */
		D5CDA76520A3AFC700661459 /* Main.storyboard */ = {
			isa = PBXVariantGroup;
			children = (
				D5CDA76620A3AFC700661459 /* Base */,
			);
			name = Main.storyboard;
			sourceTree = "<group>";
		};
		D5CDA76A20A3AFC800661459 /* LaunchScreen.storyboard */ = {
			isa = PBXVariantGroup;
			children = (
				D5CDA76B20A3AFC800661459 /* Base */,
			);
			name = LaunchScreen.storyboard;
			sourceTree = "<group>";
		};
/* End PBXVariantGroup section */

/* Begin XCBuildConfiguration section */
		D5CDA76E20A3AFC800661459 /* Debug */ = {
			isa = XCBuildConfiguration;
			buildSettings = {
				ALWAYS_SEARCH_USER_PATHS = NO;
				CLANG_ANALYZER_NONNULL = YES;
				CLANG_ANALYZER_NUMBER_OBJECT_CONVERSION = YES_AGGRESSIVE;
				CLANG_CXX_LANGUAGE_STANDARD = "gnu++14";
				CLANG_CXX_LIBRARY = "libc++";
				CLANG_ENABLE_MODULES = YES;
				CLANG_ENABLE_OBJC_ARC = YES;
				CLANG_ENABLE_OBJC_WEAK = YES;
				CLANG_WARN_BLOCK_CAPTURE_AUTORELEASING = YES;
				CLANG_WARN_BOOL_CONVERSION = YES;
				CLANG_WARN_COMMA = YES;
				CLANG_WARN_CONSTANT_CONVERSION = YES;
				CLANG_WARN_DEPRECATED_OBJC_IMPLEMENTATIONS = YES;
				CLANG_WARN_DIRECT_OBJC_ISA_USAGE = YES_ERROR;
				CLANG_WARN_DOCUMENTATION_COMMENTS = YES;
				CLANG_WARN_EMPTY_BODY = YES;
				CLANG_WARN_ENUM_CONVERSION = YES;
				CLANG_WARN_INFINITE_RECURSION = YES;
				CLANG_WARN_INT_CONVERSION = YES;
				CLANG_WARN_NON_LITERAL_NULL_CONVERSION = YES;
				CLANG_WARN_OBJC_IMPLICIT_RETAIN_SELF = YES;
				CLANG_WARN_OBJC_LITERAL_CONVERSION = YES;
				CLANG_WARN_OBJC_ROOT_CLASS = YES_ERROR;
				CLANG_WARN_RANGE_LOOP_ANALYSIS = YES;
				CLANG_WARN_STRICT_PROTOTYPES = YES;
				CLANG_WARN_SUSPICIOUS_MOVE = YES;
				CLANG_WARN_UNGUARDED_AVAILABILITY = YES_AGGRESSIVE;
				CLANG_WARN_UNREACHABLE_CODE = YES;
				CLANG_WARN__DUPLICATE_METHOD_MATCH = YES;
				CODE_SIGN_IDENTITY = "iPhone Developer";
				COPY_PHASE_STRIP = NO;
				DEBUG_INFORMATION_FORMAT = dwarf;
				ENABLE_STRICT_OBJC_MSGSEND = YES;
				ENABLE_TESTABILITY = YES;
				GCC_C_LANGUAGE_STANDARD = gnu11;
				GCC_DYNAMIC_NO_PIC = NO;
				GCC_NO_COMMON_BLOCKS = YES;
				GCC_OPTIMIZATION_LEVEL = 0;
				GCC_PREPROCESSOR_DEFINITIONS = (
					"DEBUG=1",
					"$(inherited)",
				);
				GCC_WARN_64_TO_32_BIT_CONVERSION = YES;
				GCC_WARN_ABOUT_RETURN_TYPE = YES_ERROR;
				GCC_WARN_UNDECLARED_SELECTOR = YES;
				GCC_WARN_UNINITIALIZED_AUTOS = YES_AGGRESSIVE;
				GCC_WARN_UNUSED_FUNCTION = YES;
				GCC_WARN_UNUSED_VARIABLE = YES;
				IPHONEOS_DEPLOYMENT_TARGET = 11.3;
				MTL_ENABLE_DEBUG_INFO = YES;
				ONLY_ACTIVE_ARCH = YES;
				SDKROOT = iphoneos;
				SWIFT_ACTIVE_COMPILATION_CONDITIONS = DEBUG;
				SWIFT_OPTIMIZATION_LEVEL = "-Onone";
			};
			name = Debug;
		};
		D5CDA76F20A3AFC800661459 /* Release */ = {
			isa = XCBuildConfiguration;
			buildSettings = {
				ALWAYS_SEARCH_USER_PATHS = NO;
				CLANG_ANALYZER_NONNULL = YES;
				CLANG_ANALYZER_NUMBER_OBJECT_CONVERSION = YES_AGGRESSIVE;
				CLANG_CXX_LANGUAGE_STANDARD = "gnu++14";
				CLANG_CXX_LIBRARY = "libc++";
				CLANG_ENABLE_MODULES = YES;
				CLANG_ENABLE_OBJC_ARC = YES;
				CLANG_ENABLE_OBJC_WEAK = YES;
				CLANG_WARN_BLOCK_CAPTURE_AUTORELEASING = YES;
				CLANG_WARN_BOOL_CONVERSION = YES;
				CLANG_WARN_COMMA = YES;
				CLANG_WARN_CONSTANT_CONVERSION = YES;
				CLANG_WARN_DEPRECATED_OBJC_IMPLEMENTATIONS = YES;
				CLANG_WARN_DIRECT_OBJC_ISA_USAGE = YES_ERROR;
				CLANG_WARN_DOCUMENTATION_COMMENTS = YES;
				CLANG_WARN_EMPTY_BODY = YES;
				CLANG_WARN_ENUM_CONVERSION = YES;
				CLANG_WARN_INFINITE_RECURSION = YES;
				CLANG_WARN_INT_CONVERSION = YES;
				CLANG_WARN_NON_LITERAL_NULL_CONVERSION = YES;
				CLANG_WARN_OBJC_IMPLICIT_RETAIN_SELF = YES;
				CLANG_WARN_OBJC_LITERAL_CONVERSION = YES;
				CLANG_WARN_OBJC_ROOT_CLASS = YES_ERROR;
				CLANG_WARN_RANGE_LOOP_ANALYSIS = YES;
				CLANG_WARN_STRICT_PROTOTYPES = YES;
				CLANG_WARN_SUSPICIOUS_MOVE = YES;
				CLANG_WARN_UNGUARDED_AVAILABILITY = YES_AGGRESSIVE;
				CLANG_WARN_UNREACHABLE_CODE = YES;
				CLANG_WARN__DUPLICATE_METHOD_MATCH = YES;
				CODE_SIGN_IDENTITY = "iPhone Developer";
				COPY_PHASE_STRIP = NO;
				DEBUG_INFORMATION_FORMAT = "dwarf-with-dsym";
				ENABLE_NS_ASSERTIONS = NO;
				ENABLE_STRICT_OBJC_MSGSEND = YES;
				GCC_C_LANGUAGE_STANDARD = gnu11;
				GCC_NO_COMMON_BLOCKS = YES;
				GCC_WARN_64_TO_32_BIT_CONVERSION = YES;
				GCC_WARN_ABOUT_RETURN_TYPE = YES_ERROR;
				GCC_WARN_UNDECLARED_SELECTOR = YES;
				GCC_WARN_UNINITIALIZED_AUTOS = YES_AGGRESSIVE;
				GCC_WARN_UNUSED_FUNCTION = YES;
				GCC_WARN_UNUSED_VARIABLE = YES;
				IPHONEOS_DEPLOYMENT_TARGET = 11.3;
				MTL_ENABLE_DEBUG_INFO = NO;
				SDKROOT = iphoneos;
				SWIFT_COMPILATION_MODE = wholemodule;
				SWIFT_OPTIMIZATION_LEVEL = "-O";
				VALIDATE_PRODUCT = YES;
			};
			name = Release;
		};
		D5CDA77120A3AFC800661459 /* Debug */ = {
			isa = XCBuildConfiguration;
			baseConfigurationReference = F70A7B8141B4AA207CBC97C2 /* Pods-CloudAnchorExampleSwift.debug.xcconfig */;
			buildSettings = {
				ASSETCATALOG_COMPILER_APPICON_NAME = AppIcon;
				CODE_SIGN_STYLE = Manual;
				DEVELOPMENT_TEAM = "";
				INFOPLIST_FILE = CloudAnchorExampleSwift/Info.plist;
				IPHONEOS_DEPLOYMENT_TARGET = 11.0;
				LD_RUNPATH_SEARCH_PATHS = (
					"$(inherited)",
					"@executable_path/Frameworks",
				);
				PRODUCT_BUNDLE_IDENTIFIER = com.google.arcore.CloudAnchorExampleSwift;
				PRODUCT_NAME = "$(TARGET_NAME)";
				PROVISIONING_PROFILE_SPECIFIER = "";
				SWIFT_VERSION = 4.0;
				TARGETED_DEVICE_FAMILY = "1,2";
			};
			name = Debug;
		};
		D5CDA77220A3AFC800661459 /* Release */ = {
			isa = XCBuildConfiguration;
			baseConfigurationReference = 74AC9DF59B1608620C3248C0 /* Pods-CloudAnchorExampleSwift.release.xcconfig */;
			buildSettings = {
				ASSETCATALOG_COMPILER_APPICON_NAME = AppIcon;
				CODE_SIGN_STYLE = Manual;
				DEVELOPMENT_TEAM = "";
				INFOPLIST_FILE = CloudAnchorExampleSwift/Info.plist;
				IPHONEOS_DEPLOYMENT_TARGET = 11.0;
				LD_RUNPATH_SEARCH_PATHS = (
					"$(inherited)",
					"@executable_path/Frameworks",
				);
				PRODUCT_BUNDLE_IDENTIFIER = com.google.arcore.CloudAnchorExampleSwift;
				PRODUCT_NAME = "$(TARGET_NAME)";
				PROVISIONING_PROFILE_SPECIFIER = "";
				SWIFT_VERSION = 4.0;
				TARGETED_DEVICE_FAMILY = "1,2";
			};
			name = Release;
		};
/* End XCBuildConfiguration section */

/* Begin XCConfigurationList section */
		D5CDA75720A3AFC700661459 /* Build configuration list for PBXProject "CloudAnchorExampleSwift" */ = {
			isa = XCConfigurationList;
			buildConfigurations = (
				D5CDA76E20A3AFC800661459 /* Debug */,
				D5CDA76F20A3AFC800661459 /* Release */,
			);
			defaultConfigurationIsVisible = 0;
			defaultConfigurationName = Release;
		};
		D5CDA77020A3AFC800661459 /* Build configuration list for PBXNativeTarget "CloudAnchorExampleSwift" */ = {
			isa = XCConfigurationList;
			buildConfigurations = (
				D5CDA77120A3AFC800661459 /* Debug */,
				D5CDA77220A3AFC800661459 /* Release */,
			);
			defaultConfigurationIsVisible = 0;
			defaultConfigurationName = Release;
		};
/* End XCConfigurationList section */
	};
	rootObject = D5CDA75420A3AFC700661459 /* Project object */;
}
