// !$*UTF8*$!
{
	archiveVersion = 1;
	classes = {
	};
	objectVersion = 56;
	objects = {

/* Begin PBXBuildFile section */
		3E209CE62C40496F00C4992C /* ContentView.swift in Sources */ = {isa = PBXBuildFile; fileRef = 3E209CE52C40496F00C4992C /* ContentView.swift */; };
		3E209CE82C40497000C4992C /* Assets.xcassets in Resources */ = {isa = PBXBuildFile; fileRef = 3E209CE72C40497000C4992C /* Assets.xcassets */; };
		3E209CF22C40519200C4992C /* GeospatialExampleApp.swift in Sources */ = {isa = PBXBuildFile; fileRef = 3E209CF12C40519200C4992C /* GeospatialExampleApp.swift */; };
		3E209CF62C40551000C4992C /* ARViewContainer.swift in Sources */ = {isa = PBXBuildFile; fileRef = 3E209CF52C40551000C4992C /* ARViewContainer.swift */; };
		3E209CF82C40823300C4992C /* GeospatialManager.swift in Sources */ = {isa = PBXBuildFile; fileRef = 3E209CF72C40823300C4992C /* GeospatialManager.swift */; };
		3E209D002C419B2800C4992C /* spatial-marker-baked.png in Resources */ = {isa = PBXBuildFile; fileRef = 3E209CFD2C419B2800C4992C /* spatial-marker-baked.png */; };
		3E209D012C419B2800C4992C /* spatial-marker-yellow.png in Resources */ = {isa = PBXBuildFile; fileRef = 3E209CFE2C419B2800C4992C /* spatial-marker-yellow.png */; };
		3E209D032C419E1900C4992C /* geospatial_marker.usdz in Resources */ = {isa = PBXBuildFile; fileRef = 3E209D022C419E1900C4992C /* geospatial_marker.usdz */; };
/* End PBXBuildFile section */

/* Begin PBXFileReference section */
		3E209CE02C40496F00C4992C /* GeospatialExample.app */ = {isa = PBXFileReference; explicitFileType = wrapper.application; includeInIndex = 0; path = GeospatialExample.app; sourceTree = BUILT_PRODUCTS_DIR; };
		3E209CE52C40496F00C4992C /* ContentView.swift */ = {isa = PBXFileReference; lastKnownFileType = sourcecode.swift; path = ContentView.swift; sourceTree = "<group>"; };
		3E209CE72C40497000C4992C /* Assets.xcassets */ = {isa = PBXFileReference; lastKnownFileType = folder.assetcatalog; path = Assets.xcassets; sourceTree = "<group>"; };
		3E209CF12C40519200C4992C /* GeospatialExampleApp.swift */ = {isa = PBXFileReference; lastKnownFileType = sourcecode.swift; path = GeospatialExampleApp.swift; sourceTree = "<group>"; };
		3E209CF32C4051C400C4992C /* Info.plist */ = {isa = PBXFileReference; lastKnownFileType = text.plist.xml; path = Info.plist; sourceTree = "<group>"; };
		3E209CF52C40551000C4992C /* ARViewContainer.swift */ = {isa = PBXFileReference; lastKnownFileType = sourcecode.swift; path = ARViewContainer.swift; sourceTree = "<group>"; };
		3E209CF72C40823300C4992C /* GeospatialManager.swift */ = {isa = PBXFileReference; lastKnownFileType = sourcecode.swift; path = GeospatialManager.swift; sourceTree = "<group>"; };
		3E209CFD2C419B2800C4992C /* spatial-marker-baked.png */ = {isa = PBXFileReference; lastKnownFileType = image.png; path = "spatial-marker-baked.png"; sourceTree = "<group>"; };
		3E209CFE2C419B2800C4992C /* spatial-marker-yellow.png */ = {isa = PBXFileReference; lastKnownFileType = image.png; path = "spatial-marker-yellow.png"; sourceTree = "<group>"; };
		3E209D022C419E1900C4992C /* geospatial_marker.usdz */ = {isa = PBXFileReference; lastKnownFileType = file.usdz; path = geospatial_marker.usdz; sourceTree = "<group>"; };
/* End PBXFileReference section */

/* Begin PBXFrameworksBuildPhase section */
		3E209CDD2C40496F00C4992C /* Frameworks */ = {
			isa = PBXFrameworksBuildPhase;
			buildActionMask = 2147483647;
			files = (
			);
			runOnlyForDeploymentPostprocessing = 0;
		};
/* End PBXFrameworksBuildPhase section */

/* Begin PBXGroup section */
		3E209CD72C40496F00C4992C = {
			isa = PBXGroup;
			children = (
				3E209CE22C40496F00C4992C /* GeospatialExample */,
				3E209CE12C40496F00C4992C /* Products */,
			);
			sourceTree = "<group>";
		};
		3E209CE12C40496F00C4992C /* Products */ = {
			isa = PBXGroup;
			children = (
				3E209CE02C40496F00C4992C /* GeospatialExample.app */,
			);
			name = Products;
			sourceTree = "<group>";
		};
		3E209CE22C40496F00C4992C /* GeospatialExample */ = {
			isa = PBXGroup;
			children = (
				3E209CE72C40497000C4992C /* Assets.xcassets */,
				3E209CF32C4051C400C4992C /* Info.plist */,
				3E209D022C419E1900C4992C /* geospatial_marker.usdz */,
				3E209CFD2C419B2800C4992C /* spatial-marker-baked.png */,
				3E209CFE2C419B2800C4992C /* spatial-marker-yellow.png */,
				3E209CF52C40551000C4992C /* ARViewContainer.swift */,
				3E209CE52C40496F00C4992C /* ContentView.swift */,
				3E209CF12C40519200C4992C /* GeospatialExampleApp.swift */,
				3E209CF72C40823300C4992C /* GeospatialManager.swift */,
			);
			path = GeospatialExample;
			sourceTree = "<group>";
		};
/* End PBXGroup section */

/* Begin PBXNativeTarget section */
		3E209CDF2C40496F00C4992C /* GeospatialExample */ = {
			isa = PBXNativeTarget;
			buildConfigurationList = 3E209CEE2C40497000C4992C /* Build configuration list for PBXNativeTarget "GeospatialExample" */;
			buildPhases = (
				3E209CDC2C40496F00C4992C /* Sources */,
				3E209CDD2C40496F00C4992C /* Frameworks */,
				3E209CDE2C40496F00C4992C /* Resources */,
			);
			buildRules = (
			);
			dependencies = (
			);
			name = GeospatialExample;
			packageProductDependencies = (
			);
			productName = GeospatialExample;
			productReference = 3E209CE02C40496F00C4992C /* GeospatialExample.app */;
			productType = "com.apple.product-type.application";
		};
/* End PBXNativeTarget section */

/* Begin PBXProject section */
		3E209CD82C40496F00C4992C /* Project object */ = {
			isa = PBXProject;
			attributes = {
				BuildIndependentTargetsInParallel = 1;
				LastSwiftUpdateCheck = 1540;
				LastUpgradeCheck = 1540;
				TargetAttributes = {
					3E209CDF2C40496F00C4992C = {
						CreatedOnToolsVersion = 15.4;
					};
				};
			};
			buildConfigurationList = 3E209CDB2C40496F00C4992C /* Build configuration list for PBXProject "GeospatialExample" */;
			compatibilityVersion = "Xcode 14.0";
			developmentRegion = en;
			hasScannedForEncodings = 0;
			knownRegions = (
				en,
				Base,
			);
			mainGroup = 3E209CD72C40496F00C4992C;
			packageReferences = (
			);
			productRefGroup = 3E209CE12C40496F00C4992C /* Products */;
			projectDirPath = "";
			projectRoot = "";
			targets = (
				3E209CDF2C40496F00C4992C /* GeospatialExample */,
			);
		};
/* End PBXProject section */

/* Begin PBXResourcesBuildPhase section */
		3E209CDE2C40496F00C4992C /* Resources */ = {
			isa = PBXResourcesBuildPhase;
			buildActionMask = 2147483647;
			files = (
				3E209D032C419E1900C4992C /* geospatial_marker.usdz in Resources */,
				3E209D002C419B2800C4992C /* spatial-marker-baked.png in Resources */,
				3E209D012C419B2800C4992C /* spatial-marker-yellow.png in Resources */,
				3E209CE82C40497000C4992C /* Assets.xcassets in Resources */,
			);
			runOnlyForDeploymentPostprocessing = 0;
		};
/* End PBXResourcesBuildPhase section */

/* Begin PBXSourcesBuildPhase section */
		3E209CDC2C40496F00C4992C /* Sources */ = {
			isa = PBXSourcesBuildPhase;
			buildActionMask = 2147483647;
			files = (
				3E209CE62C40496F00C4992C /* ContentView.swift in Sources */,
				3E209CF22C40519200C4992C /* GeospatialExampleApp.swift in Sources */,
				3E209CF82C40823300C4992C /* GeospatialManager.swift in Sources */,
				3E209CF62C40551000C4992C /* ARViewContainer.swift in Sources */,
			);
			runOnlyForDeploymentPostprocessing = 0;
		};
/* End PBXSourcesBuildPhase section */

/* Begin XCBuildConfiguration section */
		3E209CEC2C40497000C4992C /* Debug */ = {
			isa = XCBuildConfiguration;
			buildSettings = {
				ALWAYS_SEARCH_USER_PATHS = NO;
				ASSETCATALOG_COMPILER_GENERATE_SWIFT_ASSET_SYMBOL_EXTENSIONS = YES;
				CLANG_ANALYZER_NONNULL = YES;
				CLANG_ANALYZER_NUMBER_OBJECT_CONVERSION = YES_AGGRESSIVE;
				CLANG_CXX_LANGUAGE_STANDARD = "gnu++20";
				CLANG_ENABLE_MODULES = YES;
				CLANG_ENABLE_OBJC_ARC = YES;
				CLANG_ENABLE_OBJC_WEAK = YES;
				CLANG_WARN_BLOCK_CAPTURE_AUTORELEASING = YES;
				CLANG_WARN_BOOL_CONVERSION = YES;
				CLANG_WARN_COMMA = YES;
				CLANG_WARN_CONSTANT_CONVERSION = YES;
				CLANG_WARN_DEPRECATED_OBJC_IMPLEMENTATIONS = YES;
				CLANG_WARN_DIRECT_OBJC_ISA_USAGE = YES_ERROR;
				CLANG_WARN_DOCUMENTATION_COMMENTS = YES;
				CLANG_WARN_EMPTY_BODY = YES;
				CLANG_WARN_ENUM_CONVERSION = YES;
				CLANG_WARN_INFINITE_RECURSION = YES;
				CLANG_WARN_INT_CONVERSION = YES;
				CLANG_WARN_NON_LITERAL_NULL_CONVERSION = YES;
				CLANG_WARN_OBJC_IMPLICIT_RETAIN_SELF = YES;
				CLANG_WARN_OBJC_LITERAL_CONVERSION = YES;
				CLANG_WARN_OBJC_ROOT_CLASS = YES_ERROR;
				CLANG_WARN_QUOTED_INCLUDE_IN_FRAMEWORK_HEADER = YES;
				CLANG_WARN_RANGE_LOOP_ANALYSIS = YES;
				CLANG_WARN_STRICT_PROTOTYPES = YES;
				CLANG_WARN_SUSPICIOUS_MOVE = YES;
				CLANG_WARN_UNGUARDED_AVAILABILITY = YES_AGGRESSIVE;
				CLANG_WARN_UNREACHABLE_CODE = YES;
				CLANG_WARN__DUPLICATE_METHOD_MATCH = YES;
				COPY_PHASE_STRIP = NO;
				DEBUG_INFORMATION_FORMAT = dwarf;
				ENABLE_STRICT_OBJC_MSGSEND = YES;
				ENABLE_TESTABILITY = YES;
				ENABLE_USER_SCRIPT_SANDBOXING = NO;
				GCC_C_LANGUAGE_STANDARD = gnu17;
				GCC_DYNAMIC_NO_PIC = NO;
				GCC_NO_COMMON_BLOCKS = YES;
				GCC_OPTIMIZATION_LEVEL = 0;
				GCC_PREPROCESSOR_DEFINITIONS = (
					"DEBUG=1",
					"$(inherited)",
				);
				GCC_WARN_64_TO_32_BIT_CONVERSION = YES;
				GCC_WARN_ABOUT_RETURN_TYPE = YES_ERROR;
				GCC_WARN_UNDECLARED_SELECTOR = YES;
				GCC_WARN_UNINITIALIZED_AUTOS = YES_AGGRESSIVE;
				GCC_WARN_UNUSED_FUNCTION = YES;
				GCC_WARN_UNUSED_VARIABLE = YES;
				IPHONEOS_DEPLOYMENT_TARGET = 17.0;
				LOCALIZATION_PREFERS_STRING_CATALOGS = YES;
				MTL_ENABLE_DEBUG_INFO = INCLUDE_SOURCE;
				MTL_FAST_MATH = YES;
				ONLY_ACTIVE_ARCH = YES;
				SDKROOT = iphoneos;
				SWIFT_ACTIVE_COMPILATION_CONDITIONS = "DEBUG $(inherited)";
				SWIFT_OPTIMIZATION_LEVEL = "-Onone";
				SWIFT_PRECOMPILE_BRIDGING_HEADER = YES;
			};
			name = Debug;
		};
		3E209CED2C40497000C4992C /* Release */ = {
			isa = XCBuildConfiguration;
			buildSettings = {
				ALWAYS_SEARCH_USER_PATHS = NO;
				ASSETCATALOG_COMPILER_GENERATE_SWIFT_ASSET_SYMBOL_EXTENSIONS = YES;
				CLANG_ANALYZER_NONNULL = YES;
				CLANG_ANALYZER_NUMBER_OBJECT_CONVERSION = YES_AGGRESSIVE;
				CLANG_CXX_LANGUAGE_STANDARD = "gnu++20";
				CLANG_ENABLE_MODULES = YES;
				CLANG_ENABLE_OBJC_ARC = YES;
				CLANG_ENABLE_OBJC_WEAK = YES;
				CLANG_WARN_BLOCK_CAPTURE_AUTORELEASING = YES;
				CLANG_WARN_BOOL_CONVERSION = YES;
				CLANG_WARN_COMMA = YES;
				CLANG_WARN_CONSTANT_CONVERSION = YES;
				CLANG_WARN_DEPRECATED_OBJC_IMPLEMENTATIONS = YES;
				CLANG_WARN_DIRECT_OBJC_ISA_USAGE = YES_ERROR;
				CLANG_WARN_DOCUMENTATION_COMMENTS = YES;
				CLANG_WARN_EMPTY_BODY = YES;
				CLANG_WARN_ENUM_CONVERSION = YES;
				CLANG_WARN_INFINITE_RECURSION = YES;
				CLANG_WARN_INT_CONVERSION = YES;
				CLANG_WARN_NON_LITERAL_NULL_CONVERSION = YES;
				CLANG_WARN_OBJC_IMPLICIT_RETAIN_SELF = YES;
				CLANG_WARN_OBJC_LITERAL_CONVERSION = YES;
				CLANG_WARN_OBJC_ROOT_CLASS = YES_ERROR;
				CLANG_WARN_QUOTED_INCLUDE_IN_FRAMEWORK_HEADER = YES;
				CLANG_WARN_RANGE_LOOP_ANALYSIS = YES;
				CLANG_WARN_STRICT_PROTOTYPES = YES;
				CLANG_WARN_SUSPICIOUS_MOVE = YES;
				CLANG_WARN_UNGUARDED_AVAILABILITY = YES_AGGRESSIVE;
				CLANG_WARN_UNREACHABLE_CODE = YES;
				CLANG_WARN__DUPLICATE_METHOD_MATCH = YES;
				COPY_PHASE_STRIP = NO;
				DEBUG_INFORMATION_FORMAT = "dwarf-with-dsym";
				ENABLE_NS_ASSERTIONS = NO;
				ENABLE_STRICT_OBJC_MSGSEND = YES;
				ENABLE_USER_SCRIPT_SANDBOXING = NO;
				GCC_C_LANGUAGE_STANDARD = gnu17;
				GCC_NO_COMMON_BLOCKS = YES;
				GCC_WARN_64_TO_32_BIT_CONVERSION = YES;
				GCC_WARN_ABOUT_RETURN_TYPE = YES_ERROR;
				GCC_WARN_UNDECLARED_SELECTOR = YES;
				GCC_WARN_UNINITIALIZED_AUTOS = YES_AGGRESSIVE;
				GCC_WARN_UNUSED_FUNCTION = YES;
				GCC_WARN_UNUSED_VARIABLE = YES;
				IPHONEOS_DEPLOYMENT_TARGET = 17.0;
				LOCALIZATION_PREFERS_STRING_CATALOGS = YES;
				MTL_ENABLE_DEBUG_INFO = NO;
				MTL_FAST_MATH = YES;
				SDKROOT = iphoneos;
				SWIFT_COMPILATION_MODE = wholemodule;
				SWIFT_PRECOMPILE_BRIDGING_HEADER = YES;
				VALIDATE_PRODUCT = YES;
			};
			name = Release;
		};
		3E209CEF2C40497000C4992C /* Debug */ = {
			isa = XCBuildConfiguration;
			buildSettings = {
				ASSETCATALOG_COMPILER_APPICON_NAME = AppIcon;
				ASSETCATALOG_COMPILER_GLOBAL_ACCENT_COLOR_NAME = AccentColor;
				CODE_SIGN_STYLE = Manual;
				CURRENT_PROJECT_VERSION = 1;
				DEVELOPMENT_ASSET_PATHS = "";
				DEVELOPMENT_TEAM = "";
				ENABLE_PREVIEWS = YES;
				GENERATE_INFOPLIST_FILE = NO;
				INFOPLIST_FILE = GeospatialExample/Info.plist;
				INFOPLIST_KEY_NSCameraUsageDescription = "Camera permission is needed for AR mode.";
				INFOPLIST_KEY_NSLocationWhenInUseUsageDescription = "Location permission is needed for geospatial localization.";
				INFOPLIST_KEY_UIApplicationSupportsIndirectInputEvents = YES;
				INFOPLIST_KEY_UILaunchScreen_Generation = YES;
				INFOPLIST_KEY_UIRequiredDeviceCapabilities = "arkit gps";
				INFOPLIST_KEY_UIRequiresFullScreen = YES;
				INFOPLIST_KEY_UIStatusBarHidden = NO;
				INFOPLIST_KEY_UISupportedInterfaceOrientations_iPad = UIInterfaceOrientationPortrait;
				INFOPLIST_KEY_UISupportedInterfaceOrientations_iPhone = UIInterfaceOrientationPortrait;
				LD_RUNPATH_SEARCH_PATHS = (
					"$(inherited)",
					"@executable_path/Frameworks",
				);
				MARKETING_VERSION = 1.0;
				OTHER_LDFLAGS = (
					"$(inherited)",
					"-ObjC",
				);
				PRODUCT_BUNDLE_IDENTIFIER = com.google.ARGeospatial;
				PRODUCT_NAME = "$(TARGET_NAME)";
				PROVISIONING_PROFILE_SPECIFIER = "";
				SWIFT_EMIT_LOC_STRINGS = YES;
				SWIFT_VERSION = 5.0;
				TARGETED_DEVICE_FAMILY = "1,2";
			};
			name = Debug;
		};
		3E209CF02C40497000C4992C /* Release */ = {
			isa = XCBuildConfiguration;
			buildSettings = {
				ASSETCATALOG_COMPILER_APPICON_NAME = AppIcon;
				ASSETCATALOG_COMPILER_GLOBAL_ACCENT_COLOR_NAME = AccentColor;
				CODE_SIGN_STYLE = Manual;
				CURRENT_PROJECT_VERSION = 1;
				DEVELOPMENT_ASSET_PATHS = "";
				DEVELOPMENT_TEAM = "";
				ENABLE_PREVIEWS = YES;
				GENERATE_INFOPLIST_FILE = NO;
				INFOPLIST_FILE = GeospatialExample/Info.plist;
				INFOPLIST_KEY_NSCameraUsageDescription = "Camera permission is needed for AR mode.";
				INFOPLIST_KEY_NSLocationWhenInUseUsageDescription = "Location permission is needed for geospatial localization.";
				INFOPLIST_KEY_UIApplicationSupportsIndirectInputEvents = YES;
				INFOPLIST_KEY_UILaunchScreen_Generation = YES;
				INFOPLIST_KEY_UIRequiredDeviceCapabilities = "arkit gps";
				INFOPLIST_KEY_UIRequiresFullScreen = YES;
				INFOPLIST_KEY_UIStatusBarHidden = NO;
				INFOPLIST_KEY_UISupportedInterfaceOrientations_iPad = UIInterfaceOrientationPortrait;
				INFOPLIST_KEY_UISupportedInterfaceOrientations_iPhone = UIInterfaceOrientationPortrait;
				LD_RUNPATH_SEARCH_PATHS = (
					"$(inherited)",
					"@executable_path/Frameworks",
				);
				MARKETING_VERSION = 1.0;
				OTHER_LDFLAGS = (
					"$(inherited)",
					"-ObjC",
				);
				PRODUCT_BUNDLE_IDENTIFIER = com.google.ARGeospatial;
				PRODUCT_NAME = "$(TARGET_NAME)";
				PROVISIONING_PROFILE_SPECIFIER = "";
				SWIFT_EMIT_LOC_STRINGS = YES;
				SWIFT_VERSION = 5.0;
				TARGETED_DEVICE_FAMILY = "1,2";
			};
			name = Release;
		};
/* End XCBuildConfiguration section */

/* Begin XCConfigurationList section */
		3E209CDB2C40496F00C4992C /* Build configuration list for PBXProject "GeospatialExample" */ = {
			isa = XCConfigurationList;
			buildConfigurations = (
				3E209CEC2C40497000C4992C /* Debug */,
				3E209CED2C40497000C4992C /* Release */,
			);
			defaultConfigurationIsVisible = 0;
			defaultConfigurationName = Release;
		};
		3E209CEE2C40497000C4992C /* Build configuration list for PBXNativeTarget "GeospatialExample" */ = {
			isa = XCConfigurationList;
			buildConfigurations = (
				3E209CEF2C40497000C4992C /* Debug */,
				3E209CF02C40497000C4992C /* Release */,
			);
			defaultConfigurationIsVisible = 0;
			defaultConfigurationName = Release;
		};
/* End XCConfigurationList section */
	};
	rootObject = 3E209CD82C40496F00C4992C /* Project object */;
}
